// !$*UTF8*$!
{
	archiveVersion = 1;
	classes = {
	};
	objectVersion = 46;
	objects = {

/* Begin PBXBuildFile section */
		6F11714D15AC44860066179D /* MENavigationController.m in Sources */ = {isa = PBXBuildFile; fileRef = 6F11714C15AC44860066179D /* MENavigationController.m */; };
		6F11714F15AC451A0066179D /* QuartzCore.framework in Frameworks */ = {isa = PBXBuildFile; fileRef = 6F11714E15AC451A0066179D /* QuartzCore.framework */; };
		6F30967F15BD5F82006E1BE4 /* who.png in Resources */ = {isa = PBXBuildFile; fileRef = 6F30967D15BD5F82006E1BE4 /* who.png */; };
		6F30968015BD5F82006E1BE4 /* who@2x.png in Resources */ = {isa = PBXBuildFile; fileRef = 6F30967E15BD5F82006E1BE4 /* who@2x.png */; };
		6F478F9E15BBA098003E86C3 /* discussion.xib in Resources */ = {isa = PBXBuildFile; fileRef = 6F478F9D15BBA098003E86C3 /* discussion.xib */; };
		6F478FA715BBA263003E86C3 /* MEDiscussionView.m in Sources */ = {isa = PBXBuildFile; fileRef = 6F478FA615BBA263003E86C3 /* MEDiscussionView.m */; };
		6F478FAE15BBAB73003E86C3 /* MELecturerCell.m in Sources */ = {isa = PBXBuildFile; fileRef = 6F478FAD15BBAB73003E86C3 /* MELecturerCell.m */; };
		6F478FB215BBD293003E86C3 /* jie.xiong.png in Resources */ = {isa = PBXBuildFile; fileRef = 6F478FB015BBD293003E86C3 /* jie.xiong.png */; };
		6F478FB315BBD293003E86C3 /* jie.xiong@2x.png in Resources */ = {isa = PBXBuildFile; fileRef = 6F478FB115BBD293003E86C3 /* jie.xiong@2x.png */; };
		6F478FBA15BBDB5F003E86C3 /* head-portrait.xib in Resources */ = {isa = PBXBuildFile; fileRef = 6F478FB915BBDB5F003E86C3 /* head-portrait.xib */; };
		6F478FBD15BBDC2D003E86C3 /* MEHeadPortrait.m in Sources */ = {isa = PBXBuildFile; fileRef = 6F478FBC15BBDC2D003E86C3 /* MEHeadPortrait.m */; };
		6F478FC915BBED44003E86C3 /* marina.bisson.png in Resources */ = {isa = PBXBuildFile; fileRef = 6F478FC815BBED44003E86C3 /* marina.bisson.png */; };
		6F478FCB15BBED55003E86C3 /* marina.bisson@2x.png in Resources */ = {isa = PBXBuildFile; fileRef = 6F478FCA15BBED55003E86C3 /* marina.bisson@2x.png */; };
		6F478FCE15BBED6E003E86C3 /* hao.xu.png in Resources */ = {isa = PBXBuildFile; fileRef = 6F478FCC15BBED6E003E86C3 /* hao.xu.png */; };
		6F478FCF15BBED6E003E86C3 /* hao.xu@2x.png in Resources */ = {isa = PBXBuildFile; fileRef = 6F478FCD15BBED6E003E86C3 /* hao.xu@2x.png */; };
		6F478FD115BBED8C003E86C3 /* lecturer.txt in Resources */ = {isa = PBXBuildFile; fileRef = 6F478FD015BBED8B003E86C3 /* lecturer.txt */; };
		6F478FD415BBEE1C003E86C3 /* MELecturerListLoader.m in Sources */ = {isa = PBXBuildFile; fileRef = 6F478FD315BBEE1C003E86C3 /* MELecturerListLoader.m */; };
		6F478FD715BBEE85003E86C3 /* METextFileLoader.m in Sources */ = {isa = PBXBuildFile; fileRef = 6F478FD615BBEE85003E86C3 /* METextFileLoader.m */; };
		6F6150CD159C2A3300F77E80 /* MEAgendaList.m in Sources */ = {isa = PBXBuildFile; fileRef = 6F6150CC159C2A3300F77E80 /* MEAgendaList.m */; };
		6F6307B715B4618D00C08B16 /* MESessionList.m in Sources */ = {isa = PBXBuildFile; fileRef = 6F6307B615B4618D00C08B16 /* MESessionList.m */; };
		6F682F0E15900EF300B24AAE /* MEAgendaView.m in Sources */ = {isa = PBXBuildFile; fileRef = 6F682F0D15900EF300B24AAE /* MEAgendaView.m */; };
		6F682F1715903FE800B24AAE /* MEAgenda.m in Sources */ = {isa = PBXBuildFile; fileRef = 6F682F1615903FE800B24AAE /* MEAgenda.m */; };
		6F682F1F1590972700B24AAE /* MESchedule.m in Sources */ = {isa = PBXBuildFile; fileRef = 6F682F1E1590972700B24AAE /* MESchedule.m */; };
		6F6895CD15AEAC1F004815A0 /* not-selected.png in Resources */ = {isa = PBXBuildFile; fileRef = 6F6895CC15AEAC1F004815A0 /* not-selected.png */; };
		6F6895D015AEC560004815A0 /* selected.png in Resources */ = {isa = PBXBuildFile; fileRef = 6F6895CE15AEC560004815A0 /* selected.png */; };
		6F6895D115AEC560004815A0 /* selected@2x.png in Resources */ = {isa = PBXBuildFile; fileRef = 6F6895CF15AEC560004815A0 /* selected@2x.png */; };
		6F6895D315AEC5DF004815A0 /* not-selected@2x.png in Resources */ = {isa = PBXBuildFile; fileRef = 6F6895D215AEC5DF004815A0 /* not-selected@2x.png */; };
		6F70C60515A31036004AA6B1 /* MEAgendaLoader.m in Sources */ = {isa = PBXBuildFile; fileRef = 6F70C60415A31036004AA6B1 /* MEAgendaLoader.m */; };
		6F70C60815A314F1004AA6B1 /* agenda.txt in Resources */ = {isa = PBXBuildFile; fileRef = 6F70C60715A314F1004AA6B1 /* agenda.txt */; };
		6F848D3315C1628B00B9F37E /* schedule-cell-background.png in Resources */ = {isa = PBXBuildFile; fileRef = 6F848D3115C1628B00B9F37E /* schedule-cell-background.png */; };
		6F848D3415C1628B00B9F37E /* schedule-cell-background@2x.png in Resources */ = {isa = PBXBuildFile; fileRef = 6F848D3215C1628B00B9F37E /* schedule-cell-background@2x.png */; };
		6F987854158F3DBE00030835 /* UIKit.framework in Frameworks */ = {isa = PBXBuildFile; fileRef = 6F987853158F3DBE00030835 /* UIKit.framework */; };
		6F987856158F3DBE00030835 /* Foundation.framework in Frameworks */ = {isa = PBXBuildFile; fileRef = 6F987855158F3DBE00030835 /* Foundation.framework */; };
		6F987858158F3DBE00030835 /* CoreGraphics.framework in Frameworks */ = {isa = PBXBuildFile; fileRef = 6F987857158F3DBE00030835 /* CoreGraphics.framework */; };
		6F98785E158F3DBE00030835 /* InfoPlist.strings in Resources */ = {isa = PBXBuildFile; fileRef = 6F98785C158F3DBE00030835 /* InfoPlist.strings */; };
		6F987873158F3EDE00030835 /* main.m in Sources */ = {isa = PBXBuildFile; fileRef = 6F987870158F3EDE00030835 /* main.m */; };
		6F987874158F3EDE00030835 /* MEAppDelegate.m in Sources */ = {isa = PBXBuildFile; fileRef = 6F987872158F3EDE00030835 /* MEAppDelegate.m */; };
		6F98787A158F404E00030835 /* MEAwayDayController.m in Sources */ = {isa = PBXBuildFile; fileRef = 6F987879158F404E00030835 /* MEAwayDayController.m */; };
		6F987889158F44D500030835 /* MEAgendaController.m in Sources */ = {isa = PBXBuildFile; fileRef = 6F987888158F44D500030835 /* MEAgendaController.m */; };
		6F98788C158F44E800030835 /* MEDiscussionController.m in Sources */ = {isa = PBXBuildFile; fileRef = 6F98788B158F44E800030835 /* MEDiscussionController.m */; };
		6FD7AE6B159D63CD008B5347 /* schedule-cell.xib in Resources */ = {isa = PBXBuildFile; fileRef = 6FD7AE6A159D63CD008B5347 /* schedule-cell.xib */; };
		6FD7AE6E159D63F4008B5347 /* MEScheduleCell.m in Sources */ = {isa = PBXBuildFile; fileRef = 6FD7AE6D159D63F4008B5347 /* MEScheduleCell.m */; };
		6FD7AE75159D794E008B5347 /* MHNibTableViewCell.m in Sources */ = {isa = PBXBuildFile; fileRef = 6FD7AE74159D794E008B5347 /* MHNibTableViewCell.m */; };
		6FF0E9D815AA9BA0002FE722 /* MEScheduleExposingController.m in Sources */ = {isa = PBXBuildFile; fileRef = 6F67DA2115A555DF00860964 /* MEScheduleExposingController.m */; };
		6FF0E9DF15AAA2DD002FE722 /* schedule-detail.xib in Resources */ = {isa = PBXBuildFile; fileRef = 6FF0E9DE15AAA2DD002FE722 /* schedule-detail.xib */; };
		6FF0E9E315AAA40D002FE722 /* MEScheduleView.m in Sources */ = {isa = PBXBuildFile; fileRef = 6FF0E9E215AAA40D002FE722 /* MEScheduleView.m */; };
/* End PBXBuildFile section */

/* Begin PBXFileReference section */
		6F11714B15AC44860066179D /* MENavigationController.h */ = {isa = PBXFileReference; fileEncoding = 4; lastKnownFileType = sourcecode.c.h; path = MENavigationController.h; sourceTree = "<group>"; };
		6F11714C15AC44860066179D /* MENavigationController.m */ = {isa = PBXFileReference; fileEncoding = 4; lastKnownFileType = sourcecode.c.objc; path = MENavigationController.m; sourceTree = "<group>"; };
		6F11714E15AC451A0066179D /* QuartzCore.framework */ = {isa = PBXFileReference; lastKnownFileType = wrapper.framework; name = QuartzCore.framework; path = System/Library/Frameworks/QuartzCore.framework; sourceTree = SDKROOT; };
		6F30967D15BD5F82006E1BE4 /* who.png */ = {isa = PBXFileReference; lastKnownFileType = image.png; path = who.png; sourceTree = "<group>"; };
		6F30967E15BD5F82006E1BE4 /* who@2x.png */ = {isa = PBXFileReference; lastKnownFileType = image.png; path = "who@2x.png"; sourceTree = "<group>"; };
		6F478F9D15BBA098003E86C3 /* discussion.xib */ = {isa = PBXFileReference; fileEncoding = 4; lastKnownFileType = file.xib; path = discussion.xib; sourceTree = "<group>"; };
		6F478FA515BBA263003E86C3 /* MEDiscussionView.h */ = {isa = PBXFileReference; fileEncoding = 4; lastKnownFileType = sourcecode.c.h; path = MEDiscussionView.h; sourceTree = "<group>"; };
		6F478FA615BBA263003E86C3 /* MEDiscussionView.m */ = {isa = PBXFileReference; fileEncoding = 4; lastKnownFileType = sourcecode.c.objc; path = MEDiscussionView.m; sourceTree = "<group>"; };
		6F478FAC15BBAB72003E86C3 /* MELecturerCell.h */ = {isa = PBXFileReference; fileEncoding = 4; lastKnownFileType = sourcecode.c.h; path = MELecturerCell.h; sourceTree = "<group>"; };
		6F478FAD15BBAB73003E86C3 /* MELecturerCell.m */ = {isa = PBXFileReference; fileEncoding = 4; lastKnownFileType = sourcecode.c.objc; path = MELecturerCell.m; sourceTree = "<group>"; };
		6F478FB015BBD293003E86C3 /* jie.xiong.png */ = {isa = PBXFileReference; lastKnownFileType = image.png; path = jie.xiong.png; sourceTree = "<group>"; };
		6F478FB115BBD293003E86C3 /* jie.xiong@2x.png */ = {isa = PBXFileReference; lastKnownFileType = image.png; path = "jie.xiong@2x.png"; sourceTree = "<group>"; };
		6F478FB915BBDB5F003E86C3 /* head-portrait.xib */ = {isa = PBXFileReference; fileEncoding = 4; lastKnownFileType = file.xib; path = "head-portrait.xib"; sourceTree = "<group>"; };
		6F478FBB15BBDC2C003E86C3 /* MEHeadPortrait.h */ = {isa = PBXFileReference; fileEncoding = 4; lastKnownFileType = sourcecode.c.h; path = MEHeadPortrait.h; sourceTree = "<group>"; };
		6F478FBC15BBDC2D003E86C3 /* MEHeadPortrait.m */ = {isa = PBXFileReference; fileEncoding = 4; lastKnownFileType = sourcecode.c.objc; path = MEHeadPortrait.m; sourceTree = "<group>"; };
		6F478FC815BBED44003E86C3 /* marina.bisson.png */ = {isa = PBXFileReference; lastKnownFileType = image.png; path = marina.bisson.png; sourceTree = "<group>"; };
		6F478FCA15BBED55003E86C3 /* marina.bisson@2x.png */ = {isa = PBXFileReference; lastKnownFileType = image.png; path = "marina.bisson@2x.png"; sourceTree = "<group>"; };
		6F478FCC15BBED6E003E86C3 /* hao.xu.png */ = {isa = PBXFileReference; lastKnownFileType = image.png; path = hao.xu.png; sourceTree = "<group>"; };
		6F478FCD15BBED6E003E86C3 /* hao.xu@2x.png */ = {isa = PBXFileReference; lastKnownFileType = image.png; path = "hao.xu@2x.png"; sourceTree = "<group>"; };
		6F478FD015BBED8B003E86C3 /* lecturer.txt */ = {isa = PBXFileReference; fileEncoding = 4; lastKnownFileType = text; path = lecturer.txt; sourceTree = "<group>"; };
		6F478FD215BBEE1C003E86C3 /* MELecturerListLoader.h */ = {isa = PBXFileReference; fileEncoding = 4; lastKnownFileType = sourcecode.c.h; path = MELecturerListLoader.h; sourceTree = "<group>"; };
		6F478FD315BBEE1C003E86C3 /* MELecturerListLoader.m */ = {isa = PBXFileReference; fileEncoding = 4; lastKnownFileType = sourcecode.c.objc; path = MELecturerListLoader.m; sourceTree = "<group>"; };
		6F478FD515BBEE84003E86C3 /* METextFileLoader.h */ = {isa = PBXFileReference; fileEncoding = 4; lastKnownFileType = sourcecode.c.h; path = METextFileLoader.h; sourceTree = "<group>"; };
		6F478FD615BBEE85003E86C3 /* METextFileLoader.m */ = {isa = PBXFileReference; fileEncoding = 4; lastKnownFileType = sourcecode.c.objc; path = METextFileLoader.m; sourceTree = "<group>"; };
		6F6150CB159C2A3300F77E80 /* MEAgendaList.h */ = {isa = PBXFileReference; fileEncoding = 4; lastKnownFileType = sourcecode.c.h; path = MEAgendaList.h; sourceTree = "<group>"; };
		6F6150CC159C2A3300F77E80 /* MEAgendaList.m */ = {isa = PBXFileReference; fileEncoding = 4; lastKnownFileType = sourcecode.c.objc; path = MEAgendaList.m; sourceTree = "<group>"; };
		6F6150CF159C2C5C00F77E80 /* MEDate.h */ = {isa = PBXFileReference; fileEncoding = 4; lastKnownFileType = sourcecode.c.h; path = MEDate.h; sourceTree = "<group>"; };
		6F6307B515B4618D00C08B16 /* MESessionList.h */ = {isa = PBXFileReference; fileEncoding = 4; lastKnownFileType = sourcecode.c.h; path = MESessionList.h; sourceTree = "<group>"; };
		6F6307B615B4618D00C08B16 /* MESessionList.m */ = {isa = PBXFileReference; fileEncoding = 4; lastKnownFileType = sourcecode.c.objc; path = MESessionList.m; sourceTree = "<group>"; };
		6F67DA2015A555DF00860964 /* MEScheduleExposingController.h */ = {isa = PBXFileReference; lastKnownFileType = sourcecode.c.h; path = MEScheduleExposingController.h; sourceTree = "<group>"; };
		6F67DA2115A555DF00860964 /* MEScheduleExposingController.m */ = {isa = PBXFileReference; lastKnownFileType = sourcecode.c.objc; path = MEScheduleExposingController.m; sourceTree = "<group>"; };
		6F682F0C15900EF300B24AAE /* MEAgendaView.h */ = {isa = PBXFileReference; fileEncoding = 4; lastKnownFileType = sourcecode.c.h; path = MEAgendaView.h; sourceTree = "<group>"; };
		6F682F0D15900EF300B24AAE /* MEAgendaView.m */ = {isa = PBXFileReference; fileEncoding = 4; lastKnownFileType = sourcecode.c.objc; path = MEAgendaView.m; sourceTree = "<group>"; };
		6F682F1515903FE800B24AAE /* MEAgenda.h */ = {isa = PBXFileReference; fileEncoding = 4; lastKnownFileType = sourcecode.c.h; path = MEAgenda.h; sourceTree = "<group>"; };
		6F682F1615903FE800B24AAE /* MEAgenda.m */ = {isa = PBXFileReference; fileEncoding = 4; lastKnownFileType = sourcecode.c.objc; path = MEAgenda.m; sourceTree = "<group>"; };
		6F682F1D1590972700B24AAE /* MESchedule.h */ = {isa = PBXFileReference; fileEncoding = 4; lastKnownFileType = sourcecode.c.h; path = MESchedule.h; sourceTree = "<group>"; };
		6F682F1E1590972700B24AAE /* MESchedule.m */ = {isa = PBXFileReference; fileEncoding = 4; lastKnownFileType = sourcecode.c.objc; path = MESchedule.m; sourceTree = "<group>"; };
		6F6895CC15AEAC1F004815A0 /* not-selected.png */ = {isa = PBXFileReference; lastKnownFileType = image.png; path = "not-selected.png"; sourceTree = "<group>"; };
		6F6895CE15AEC560004815A0 /* selected.png */ = {isa = PBXFileReference; lastKnownFileType = image.png; path = selected.png; sourceTree = "<group>"; };
		6F6895CF15AEC560004815A0 /* selected@2x.png */ = {isa = PBXFileReference; lastKnownFileType = image.png; path = "selected@2x.png"; sourceTree = "<group>"; };
		6F6895D215AEC5DF004815A0 /* not-selected@2x.png */ = {isa = PBXFileReference; lastKnownFileType = image.png; path = "not-selected@2x.png"; sourceTree = "<group>"; };
		6F6895D415AEE3B0004815A0 /* MEColor.h */ = {isa = PBXFileReference; fileEncoding = 4; lastKnownFileType = sourcecode.c.h; path = MEColor.h; sourceTree = "<group>"; };
		6F70C60315A31036004AA6B1 /* MEAgendaLoader.h */ = {isa = PBXFileReference; fileEncoding = 4; lastKnownFileType = sourcecode.c.h; path = MEAgendaLoader.h; sourceTree = "<group>"; };
		6F70C60415A31036004AA6B1 /* MEAgendaLoader.m */ = {isa = PBXFileReference; fileEncoding = 4; lastKnownFileType = sourcecode.c.objc; path = MEAgendaLoader.m; sourceTree = "<group>"; };
		6F70C60715A314F1004AA6B1 /* agenda.txt */ = {isa = PBXFileReference; fileEncoding = 4; lastKnownFileType = text; path = agenda.txt; sourceTree = "<group>"; };
		6F848D3115C1628B00B9F37E /* schedule-cell-background.png */ = {isa = PBXFileReference; lastKnownFileType = image.png; path = "schedule-cell-background.png"; sourceTree = "<group>"; };
		6F848D3215C1628B00B9F37E /* schedule-cell-background@2x.png */ = {isa = PBXFileReference; lastKnownFileType = image.png; path = "schedule-cell-background@2x.png"; sourceTree = "<group>"; };
		6F98784F158F3DBE00030835 /* AwayDay2012.app */ = {isa = PBXFileReference; explicitFileType = wrapper.application; includeInIndex = 0; path = AwayDay2012.app; sourceTree = BUILT_PRODUCTS_DIR; };
		6F987853158F3DBE00030835 /* UIKit.framework */ = {isa = PBXFileReference; lastKnownFileType = wrapper.framework; name = UIKit.framework; path = System/Library/Frameworks/UIKit.framework; sourceTree = SDKROOT; };
		6F987855158F3DBE00030835 /* Foundation.framework */ = {isa = PBXFileReference; lastKnownFileType = wrapper.framework; name = Foundation.framework; path = System/Library/Frameworks/Foundation.framework; sourceTree = SDKROOT; };
		6F987857158F3DBE00030835 /* CoreGraphics.framework */ = {isa = PBXFileReference; lastKnownFileType = wrapper.framework; name = CoreGraphics.framework; path = System/Library/Frameworks/CoreGraphics.framework; sourceTree = SDKROOT; };
		6F98785B158F3DBE00030835 /* AwayDay2012-Info.plist */ = {isa = PBXFileReference; lastKnownFileType = text.plist.xml; path = "AwayDay2012-Info.plist"; sourceTree = "<group>"; };
		6F98785D158F3DBE00030835 /* en */ = {isa = PBXFileReference; lastKnownFileType = text.plist.strings; name = en; path = en.lproj/InfoPlist.strings; sourceTree = "<group>"; };
		6F987861158F3DBE00030835 /* AwayDay2012-Prefix.pch */ = {isa = PBXFileReference; lastKnownFileType = sourcecode.c.h; path = "AwayDay2012-Prefix.pch"; sourceTree = "<group>"; };
		6F987870158F3EDE00030835 /* main.m */ = {isa = PBXFileReference; fileEncoding = 4; lastKnownFileType = sourcecode.c.objc; path = main.m; sourceTree = "<group>"; };
		6F987871158F3EDE00030835 /* MEAppDelegate.h */ = {isa = PBXFileReference; fileEncoding = 4; lastKnownFileType = sourcecode.c.h; path = MEAppDelegate.h; sourceTree = "<group>"; };
		6F987872158F3EDE00030835 /* MEAppDelegate.m */ = {isa = PBXFileReference; fileEncoding = 4; lastKnownFileType = sourcecode.c.objc; path = MEAppDelegate.m; sourceTree = "<group>"; };
		6F987878158F404E00030835 /* MEAwayDayController.h */ = {isa = PBXFileReference; fileEncoding = 4; lastKnownFileType = sourcecode.c.h; path = MEAwayDayController.h; sourceTree = "<group>"; };
		6F987879158F404E00030835 /* MEAwayDayController.m */ = {isa = PBXFileReference; fileEncoding = 4; lastKnownFileType = sourcecode.c.objc; path = MEAwayDayController.m; sourceTree = "<group>"; };
		6F987887158F44D500030835 /* MEAgendaController.h */ = {isa = PBXFileReference; fileEncoding = 4; lastKnownFileType = sourcecode.c.h; path = MEAgendaController.h; sourceTree = "<group>"; };
		6F987888158F44D500030835 /* MEAgendaController.m */ = {isa = PBXFileReference; fileEncoding = 4; lastKnownFileType = sourcecode.c.objc; path = MEAgendaController.m; sourceTree = "<group>"; };
		6F98788A158F44E800030835 /* MEDiscussionController.h */ = {isa = PBXFileReference; fileEncoding = 4; lastKnownFileType = sourcecode.c.h; path = MEDiscussionController.h; sourceTree = "<group>"; };
		6F98788B158F44E800030835 /* MEDiscussionController.m */ = {isa = PBXFileReference; fileEncoding = 4; lastKnownFileType = sourcecode.c.objc; path = MEDiscussionController.m; sourceTree = "<group>"; };
		6FD7AE6A159D63CD008B5347 /* schedule-cell.xib */ = {isa = PBXFileReference; fileEncoding = 4; lastKnownFileType = file.xib; path = "schedule-cell.xib"; sourceTree = "<group>"; };
		6FD7AE6C159D63F4008B5347 /* MEScheduleCell.h */ = {isa = PBXFileReference; fileEncoding = 4; lastKnownFileType = sourcecode.c.h; path = MEScheduleCell.h; sourceTree = "<group>"; };
		6FD7AE6D159D63F4008B5347 /* MEScheduleCell.m */ = {isa = PBXFileReference; fileEncoding = 4; lastKnownFileType = sourcecode.c.objc; path = MEScheduleCell.m; sourceTree = "<group>"; };
		6FD7AE73159D794E008B5347 /* MHNibTableViewCell.h */ = {isa = PBXFileReference; fileEncoding = 4; lastKnownFileType = sourcecode.c.h; path = MHNibTableViewCell.h; sourceTree = "<group>"; };
		6FD7AE74159D794E008B5347 /* MHNibTableViewCell.m */ = {isa = PBXFileReference; fileEncoding = 4; lastKnownFileType = sourcecode.c.objc; path = MHNibTableViewCell.m; sourceTree = "<group>"; };
		6FF0E9DE15AAA2DD002FE722 /* schedule-detail.xib */ = {isa = PBXFileReference; fileEncoding = 4; lastKnownFileType = file.xib; path = "schedule-detail.xib"; sourceTree = "<group>"; };
		6FF0E9E115AAA40D002FE722 /* MEScheduleView.h */ = {isa = PBXFileReference; fileEncoding = 4; lastKnownFileType = sourcecode.c.h; path = MEScheduleView.h; sourceTree = "<group>"; };
		6FF0E9E215AAA40D002FE722 /* MEScheduleView.m */ = {isa = PBXFileReference; fileEncoding = 4; lastKnownFileType = sourcecode.c.objc; path = MEScheduleView.m; sourceTree = "<group>"; };
		6FF0E9E715AAF74E002FE722 /* METimeFormat.h */ = {isa = PBXFileReference; fileEncoding = 4; lastKnownFileType = sourcecode.c.h; path = METimeFormat.h; sourceTree = "<group>"; };
/* End PBXFileReference section */

/* Begin PBXFrameworksBuildPhase section */
		6F98784C158F3DBE00030835 /* Frameworks */ = {
			isa = PBXFrameworksBuildPhase;
			buildActionMask = 2147483647;
			files = (
				6F11714F15AC451A0066179D /* QuartzCore.framework in Frameworks */,
				6F987854158F3DBE00030835 /* UIKit.framework in Frameworks */,
				6F987856158F3DBE00030835 /* Foundation.framework in Frameworks */,
				6F987858158F3DBE00030835 /* CoreGraphics.framework in Frameworks */,
			);
			runOnlyForDeploymentPostprocessing = 0;
		};
/* End PBXFrameworksBuildPhase section */

/* Begin PBXGroup section */
		6F478F9F15BBA1D2003E86C3 /* agenda */ = {
			isa = PBXGroup;
			children = (
				6F848D3115C1628B00B9F37E /* schedule-cell-background.png */,
				6F848D3215C1628B00B9F37E /* schedule-cell-background@2x.png */,
				6F6895CE15AEC560004815A0 /* selected.png */,
				6F6895CF15AEC560004815A0 /* selected@2x.png */,
				6F6895CC15AEAC1F004815A0 /* not-selected.png */,
				6F6895D215AEC5DF004815A0 /* not-selected@2x.png */,
			);
			name = agenda;
			sourceTree = "<group>";
		};
		6F478FA015BBA1E1003E86C3 /* discussion */ = {
			isa = PBXGroup;
			children = (
				6F478FAF15BBD1B8003E86C3 /* lecturers */,
			);
			name = discussion;
			sourceTree = "<group>";
		};
		6F478FAF15BBD1B8003E86C3 /* lecturers */ = {
			isa = PBXGroup;
			children = (
				6F478FCC15BBED6E003E86C3 /* hao.xu.png */,
				6F478FCD15BBED6E003E86C3 /* hao.xu@2x.png */,
				6F478FC815BBED44003E86C3 /* marina.bisson.png */,
				6F478FCA15BBED55003E86C3 /* marina.bisson@2x.png */,
				6F478FB015BBD293003E86C3 /* jie.xiong.png */,
				6F478FB115BBD293003E86C3 /* jie.xiong@2x.png */,
				6F30967D15BD5F82006E1BE4 /* who.png */,
				6F30967E15BD5F82006E1BE4 /* who@2x.png */,
			);
			name = lecturers;
			sourceTree = "<group>";
		};
		6F6895CA15AEABF0004815A0 /* Images */ = {
			isa = PBXGroup;
			children = (
				6F478F9F15BBA1D2003E86C3 /* agenda */,
				6F478FA015BBA1E1003E86C3 /* discussion */,
			);
			path = Images;
			sourceTree = "<group>";
		};
		6F987844158F3DBE00030835 = {
			isa = PBXGroup;
			children = (
				6F987859158F3DBE00030835 /* AwayDay2012 */,
				6F987852158F3DBE00030835 /* Frameworks */,
				6F987850158F3DBE00030835 /* Products */,
			);
			sourceTree = "<group>";
		};
		6F987850158F3DBE00030835 /* Products */ = {
			isa = PBXGroup;
			children = (
				6F98784F158F3DBE00030835 /* AwayDay2012.app */,
			);
			name = Products;
			sourceTree = "<group>";
		};
		6F987852158F3DBE00030835 /* Frameworks */ = {
			isa = PBXGroup;
			children = (
				6F987853158F3DBE00030835 /* UIKit.framework */,
				6F987855158F3DBE00030835 /* Foundation.framework */,
				6F987857158F3DBE00030835 /* CoreGraphics.framework */,
				6F11714E15AC451A0066179D /* QuartzCore.framework */,
			);
			name = Frameworks;
			sourceTree = "<group>";
		};
		6F987859158F3DBE00030835 /* AwayDay2012 */ = {
			isa = PBXGroup;
			children = (
				6F98786F158F3EDE00030835 /* Classes */,
				6FD7AE63159D6282008B5347 /* Resources */,
				6F98785A158F3DBE00030835 /* Supporting Files */,
			);
			path = AwayDay2012;
			sourceTree = "<group>";
		};
		6F98785A158F3DBE00030835 /* Supporting Files */ = {
			isa = PBXGroup;
			children = (
				6F98785B158F3DBE00030835 /* AwayDay2012-Info.plist */,
				6F98785C158F3DBE00030835 /* InfoPlist.strings */,
				6F987861158F3DBE00030835 /* AwayDay2012-Prefix.pch */,
			);
			name = "Supporting Files";
			sourceTree = "<group>";
		};
		6F98786F158F3EDE00030835 /* Classes */ = {
			isa = PBXGroup;
			children = (
				6F987875158F3EE800030835 /* Controllers */,
				6F987877158F3EFC00030835 /* Models */,
				6F987876158F3EF300030835 /* Views */,
				6F987870158F3EDE00030835 /* main.m */,
				6F987871158F3EDE00030835 /* MEAppDelegate.h */,
				6F987872158F3EDE00030835 /* MEAppDelegate.m */,
				6F6895D415AEE3B0004815A0 /* MEColor.h */,
				6F6150CF159C2C5C00F77E80 /* MEDate.h */,
			);
			path = Classes;
			sourceTree = "<group>";
		};
		6F987875158F3EE800030835 /* Controllers */ = {
			isa = PBXGroup;
			children = (
				6F987887158F44D500030835 /* MEAgendaController.h */,
				6F987888158F44D500030835 /* MEAgendaController.m */,
				6F987878158F404E00030835 /* MEAwayDayController.h */,
				6F987879158F404E00030835 /* MEAwayDayController.m */,
				6F98788A158F44E800030835 /* MEDiscussionController.h */,
				6F98788B158F44E800030835 /* MEDiscussionController.m */,
				6F67DA2015A555DF00860964 /* MEScheduleExposingController.h */,
				6F67DA2115A555DF00860964 /* MEScheduleExposingController.m */,
				6F11714B15AC44860066179D /* MENavigationController.h */,
				6F11714C15AC44860066179D /* MENavigationController.m */,
			);
			name = Controllers;
			sourceTree = "<group>";
		};
		6F987876158F3EF300030835 /* Views */ = {
			isa = PBXGroup;
			children = (
				6F682F0C15900EF300B24AAE /* MEAgendaView.h */,
				6F682F0D15900EF300B24AAE /* MEAgendaView.m */,
				6F478FA515BBA263003E86C3 /* MEDiscussionView.h */,
				6F478FA615BBA263003E86C3 /* MEDiscussionView.m */,
				6F478FAC15BBAB72003E86C3 /* MELecturerCell.h */,
				6F478FAD15BBAB73003E86C3 /* MELecturerCell.m */,
				6F478FBB15BBDC2C003E86C3 /* MEHeadPortrait.h */,
				6F478FBC15BBDC2D003E86C3 /* MEHeadPortrait.m */,
				6FD7AE6C159D63F4008B5347 /* MEScheduleCell.h */,
				6FD7AE6D159D63F4008B5347 /* MEScheduleCell.m */,
				6FF0E9E115AAA40D002FE722 /* MEScheduleView.h */,
				6FF0E9E215AAA40D002FE722 /* MEScheduleView.m */,
				6FD7AE73159D794E008B5347 /* MHNibTableViewCell.h */,
				6FD7AE74159D794E008B5347 /* MHNibTableViewCell.m */,
				6FF0E9E715AAF74E002FE722 /* METimeFormat.h */,
			);
			name = Views;
			sourceTree = "<group>";
		};
		6F987877158F3EFC00030835 /* Models */ = {
			isa = PBXGroup;
			children = (
				6F682F1515903FE800B24AAE /* MEAgenda.h */,
				6F682F1615903FE800B24AAE /* MEAgenda.m */,
				6F6150CB159C2A3300F77E80 /* MEAgendaList.h */,
				6F6150CC159C2A3300F77E80 /* MEAgendaList.m */,
				6F70C60315A31036004AA6B1 /* MEAgendaLoader.h */,
				6F70C60415A31036004AA6B1 /* MEAgendaLoader.m */,
				6F478FD215BBEE1C003E86C3 /* MELecturerListLoader.h */,
				6F478FD315BBEE1C003E86C3 /* MELecturerListLoader.m */,
				6F6307B515B4618D00C08B16 /* MESessionList.h */,
				6F6307B615B4618D00C08B16 /* MESessionList.m */,
				6F682F1D1590972700B24AAE /* MESchedule.h */,
				6F682F1E1590972700B24AAE /* MESchedule.m */,
				6F478FD515BBEE84003E86C3 /* METextFileLoader.h */,
				6F478FD615BBEE85003E86C3 /* METextFileLoader.m */,
			);
			name = Models;
			sourceTree = "<group>";
		};
		6FD7AE63159D6282008B5347 /* Resources */ = {
			isa = PBXGroup;
			children = (
				6F6895CA15AEABF0004815A0 /* Images */,
				6FD7AE64159D62BF008B5347 /* Xibs */,
				6F70C60715A314F1004AA6B1 /* agenda.txt */,
				6F478FD015BBED8B003E86C3 /* lecturer.txt */,
			);
			path = Resources;
			sourceTree = "<group>";
		};
		6FD7AE64159D62BF008B5347 /* Xibs */ = {
			isa = PBXGroup;
			children = (
				6F478F9D15BBA098003E86C3 /* discussion.xib */,
				6F478FB915BBDB5F003E86C3 /* head-portrait.xib */,
				6FD7AE6A159D63CD008B5347 /* schedule-cell.xib */,
				6FF0E9DE15AAA2DD002FE722 /* schedule-detail.xib */,
			);
			path = Xibs;
			sourceTree = "<group>";
		};
/* End PBXGroup section */

/* Begin PBXNativeTarget section */
		6F98784E158F3DBE00030835 /* AwayDay2012 */ = {
			isa = PBXNativeTarget;
			buildConfigurationList = 6F987867158F3DBE00030835 /* Build configuration list for PBXNativeTarget "AwayDay2012" */;
			buildPhases = (
				6F98784B158F3DBE00030835 /* Sources */,
				6F98784C158F3DBE00030835 /* Frameworks */,
				6F98784D158F3DBE00030835 /* Resources */,
			);
			buildRules = (
			);
			dependencies = (
			);
			name = AwayDay2012;
			productName = AwayDay2012;
			productReference = 6F98784F158F3DBE00030835 /* AwayDay2012.app */;
			productType = "com.apple.product-type.application";
		};
/* End PBXNativeTarget section */

/* Begin PBXProject section */
		6F987846158F3DBE00030835 /* Project object */ = {
			isa = PBXProject;
			attributes = {
				CLASSPREFIX = ME;
				LastUpgradeCheck = 0430;
				ORGANIZATIONNAME = ThoughtWorks;
			};
			buildConfigurationList = 6F987849158F3DBE00030835 /* Build configuration list for PBXProject "AwayDay2012" */;
			compatibilityVersion = "Xcode 3.2";
			developmentRegion = English;
			hasScannedForEncodings = 0;
			knownRegions = (
				en,
			);
			mainGroup = 6F987844158F3DBE00030835;
			productRefGroup = 6F987850158F3DBE00030835 /* Products */;
			projectDirPath = "";
			projectRoot = "";
			targets = (
				6F98784E158F3DBE00030835 /* AwayDay2012 */,
			);
		};
/* End PBXProject section */

/* Begin PBXResourcesBuildPhase section */
		6F98784D158F3DBE00030835 /* Resources */ = {
			isa = PBXResourcesBuildPhase;
			buildActionMask = 2147483647;
			files = (
				6F98785E158F3DBE00030835 /* InfoPlist.strings in Resources */,
				6FD7AE6B159D63CD008B5347 /* schedule-cell.xib in Resources */,
				6F70C60815A314F1004AA6B1 /* agenda.txt in Resources */,
				6FF0E9DF15AAA2DD002FE722 /* schedule-detail.xib in Resources */,
				6F6895CD15AEAC1F004815A0 /* not-selected.png in Resources */,
				6F6895D015AEC560004815A0 /* selected.png in Resources */,
				6F6895D115AEC560004815A0 /* selected@2x.png in Resources */,
				6F6895D315AEC5DF004815A0 /* not-selected@2x.png in Resources */,
				6F478F9E15BBA098003E86C3 /* discussion.xib in Resources */,
				6F478FB215BBD293003E86C3 /* jie.xiong.png in Resources */,
				6F478FB315BBD293003E86C3 /* jie.xiong@2x.png in Resources */,
				6F478FBA15BBDB5F003E86C3 /* head-portrait.xib in Resources */,
				6F478FC915BBED44003E86C3 /* marina.bisson.png in Resources */,
				6F478FCB15BBED55003E86C3 /* marina.bisson@2x.png in Resources */,
				6F478FCE15BBED6E003E86C3 /* hao.xu.png in Resources */,
				6F478FCF15BBED6E003E86C3 /* hao.xu@2x.png in Resources */,
				6F478FD115BBED8C003E86C3 /* lecturer.txt in Resources */,
				6F30967F15BD5F82006E1BE4 /* who.png in Resources */,
				6F30968015BD5F82006E1BE4 /* who@2x.png in Resources */,
				6F848D3315C1628B00B9F37E /* schedule-cell-background.png in Resources */,
				6F848D3415C1628B00B9F37E /* schedule-cell-background@2x.png in Resources */,
			);
			runOnlyForDeploymentPostprocessing = 0;
		};
/* End PBXResourcesBuildPhase section */

/* Begin PBXSourcesBuildPhase section */
		6F98784B158F3DBE00030835 /* Sources */ = {
			isa = PBXSourcesBuildPhase;
			buildActionMask = 2147483647;
			files = (
				6FF0E9D815AA9BA0002FE722 /* MEScheduleExposingController.m in Sources */,
				6F987873158F3EDE00030835 /* main.m in Sources */,
				6F987874158F3EDE00030835 /* MEAppDelegate.m in Sources */,
				6F98787A158F404E00030835 /* MEAwayDayController.m in Sources */,
				6F987889158F44D500030835 /* MEAgendaController.m in Sources */,
				6F98788C158F44E800030835 /* MEDiscussionController.m in Sources */,
				6F682F0E15900EF300B24AAE /* MEAgendaView.m in Sources */,
				6F682F1715903FE800B24AAE /* MEAgenda.m in Sources */,
				6F682F1F1590972700B24AAE /* MESchedule.m in Sources */,
				6F6150CD159C2A3300F77E80 /* MEAgendaList.m in Sources */,
				6FD7AE6E159D63F4008B5347 /* MEScheduleCell.m in Sources */,
				6FD7AE75159D794E008B5347 /* MHNibTableViewCell.m in Sources */,
				6F70C60515A31036004AA6B1 /* MEAgendaLoader.m in Sources */,
				6FF0E9E315AAA40D002FE722 /* MEScheduleView.m in Sources */,
				6F11714D15AC44860066179D /* MENavigationController.m in Sources */,
				6F6307B715B4618D00C08B16 /* MESessionList.m in Sources */,
				6F478FA715BBA263003E86C3 /* MEDiscussionView.m in Sources */,
				6F478FAE15BBAB73003E86C3 /* MELecturerCell.m in Sources */,
				6F478FBD15BBDC2D003E86C3 /* MEHeadPortrait.m in Sources */,
				6F478FD415BBEE1C003E86C3 /* MELecturerListLoader.m in Sources */,
				6F478FD715BBEE85003E86C3 /* METextFileLoader.m in Sources */,
			);
			runOnlyForDeploymentPostprocessing = 0;
		};
/* End PBXSourcesBuildPhase section */

/* Begin PBXVariantGroup section */
		6F98785C158F3DBE00030835 /* InfoPlist.strings */ = {
			isa = PBXVariantGroup;
			children = (
				6F98785D158F3DBE00030835 /* en */,
			);
			name = InfoPlist.strings;
			sourceTree = "<group>";
		};
/* End PBXVariantGroup section */

/* Begin XCBuildConfiguration section */
		6F987865158F3DBE00030835 /* Debug */ = {
			isa = XCBuildConfiguration;
			buildSettings = {
				ALWAYS_SEARCH_USER_PATHS = NO;
				ARCHS = "$(ARCHS_STANDARD_32_BIT)";
				"CODE_SIGN_IDENTITY[sdk=iphoneos*]" = "iPhone Developer";
				COPY_PHASE_STRIP = NO;
				GCC_C_LANGUAGE_STANDARD = gnu99;
				GCC_DYNAMIC_NO_PIC = NO;
				GCC_OPTIMIZATION_LEVEL = 0;
				GCC_PREPROCESSOR_DEFINITIONS = (
					"DEBUG=1",
					"$(inherited)",
				);
				GCC_SYMBOLS_PRIVATE_EXTERN = NO;
				GCC_VERSION = com.apple.compilers.llvm.clang.1_0;
				GCC_WARN_ABOUT_RETURN_TYPE = YES;
				GCC_WARN_UNINITIALIZED_AUTOS = YES;
				GCC_WARN_UNUSED_VARIABLE = YES;
				IPHONEOS_DEPLOYMENT_TARGET = 5.1;
				SDKROOT = iphoneos;
			};
			name = Debug;
		};
		6F987866158F3DBE00030835 /* Release */ = {
			isa = XCBuildConfiguration;
			buildSettings = {
				ALWAYS_SEARCH_USER_PATHS = NO;
				ARCHS = "$(ARCHS_STANDARD_32_BIT)";
				"CODE_SIGN_IDENTITY[sdk=iphoneos*]" = "iPhone Developer";
				COPY_PHASE_STRIP = YES;
				GCC_C_LANGUAGE_STANDARD = gnu99;
				GCC_VERSION = com.apple.compilers.llvm.clang.1_0;
				GCC_WARN_ABOUT_RETURN_TYPE = YES;
				GCC_WARN_UNINITIALIZED_AUTOS = YES;
				GCC_WARN_UNUSED_VARIABLE = YES;
				IPHONEOS_DEPLOYMENT_TARGET = 5.1;
				OTHER_CFLAGS = "-DNS_BLOCK_ASSERTIONS=1";
				SDKROOT = iphoneos;
				VALIDATE_PRODUCT = YES;
			};
			name = Release;
		};
		6F987868158F3DBE00030835 /* Debug */ = {
			isa = XCBuildConfiguration;
			buildSettings = {
				GCC_PRECOMPILE_PREFIX_HEADER = YES;
				GCC_PREFIX_HEADER = "AwayDay2012/AwayDay2012-Prefix.pch";
				INFOPLIST_FILE = "AwayDay2012/AwayDay2012-Info.plist";
				PRODUCT_NAME = "$(TARGET_NAME)";
				WRAPPER_EXTENSION = app;
			};
			name = Debug;
		};
		6F987869158F3DBE00030835 /* Release */ = {
			isa = XCBuildConfiguration;
			buildSettings = {
				GCC_PRECOMPILE_PREFIX_HEADER = YES;
				GCC_PREFIX_HEADER = "AwayDay2012/AwayDay2012-Prefix.pch";
				INFOPLIST_FILE = "AwayDay2012/AwayDay2012-Info.plist";
				PRODUCT_NAME = "$(TARGET_NAME)";
				WRAPPER_EXTENSION = app;
			};
			name = Release;
		};
/* End XCBuildConfiguration section */

/* Begin XCConfigurationList section */
		6F987849158F3DBE00030835 /* Build configuration list for PBXProject "AwayDay2012" */ = {
			isa = XCConfigurationList;
			buildConfigurations = (
				6F987865158F3DBE00030835 /* Debug */,
				6F987866158F3DBE00030835 /* Release */,
			);
			defaultConfigurationIsVisible = 0;
			defaultConfigurationName = Release;
		};
		6F987867158F3DBE00030835 /* Build configuration list for PBXNativeTarget "AwayDay2012" */ = {
			isa = XCConfigurationList;
			buildConfigurations = (
				6F987868158F3DBE00030835 /* Debug */,
				6F987869158F3DBE00030835 /* Release */,
			);
			defaultConfigurationIsVisible = 0;
			defaultConfigurationName = Release;
		};
/* End XCConfigurationList section */
	};
	rootObject = 6F987846158F3DBE00030835 /* Project object */;
}
